
Microsoft Visual Studio Solution File, Format Version 12.00
# Visual Studio Version 17
VisualStudioVersion = 17.13.35818.85 d17.13
MinimumVisualStudioVersion = 10.0.40219.1
Project("{FAE04EC0-301F-11D3-BF4B-00C04F79EFBC}") = "TPMOD3", "TPMOD3\TPMOD3.csproj", "{2AB6233D-7853-458A-A79B-B6483EA0DD3E}"
EndProject
Global
	GlobalSection(SolutionConfigurationPlatforms) = preSolution
		Debug|Any CPU = Debug|Any CPU
		Release|Any CPU = Release|Any CPU
	EndGlobalSection
	GlobalSection(ProjectConfigurationPlatforms) = postSolution
		{2AB6233D-7853-458A-A79B-B6483EA0DD3E}.Debug|Any CPU.ActiveCfg = Debug|Any CPU
		{2AB6233D-7853-458A-A79B-B6483EA0DD3E}.Debug|Any CPU.Build.0 = Debug|Any CPU
		{2AB6233D-7853-458A-A79B-B6483EA0DD3E}.Release|Any CPU.ActiveCfg = Release|Any CPU
		{2AB6233D-7853-458A-A79B-B6483EA0DD3E}.Release|Any CPU.Build.0 = Release|Any CPU
	EndGlobalSection
	GlobalSection(SolutionProperties) = preSolution
		HideSolutionNode = FALSE
	EndGlobalSection
	GlobalSection(ExtensibilityGlobals) = postSolution
		SolutionGuid = {602F9CFF-C44A-4E34-8D53-C55317322056}
	EndGlobalSection
EndGlobal
